
Microsoft Visual Studio Solution File, Format Version 12.00
# Visual Studio Version 17
VisualStudioVersion = 17.5.002.0
MinimumVisualStudioVersion = 10.0.40219.1
Project("{9A19103F-16F7-4668-BE54-9A1E7A4F7556}") = "Task01", "Task01\Task01.csproj", "{9AA1A271-9D03-4786-8633-9CCEF7ED480F}"
EndProject
Global
	GlobalSection(SolutionConfigurationPlatforms) = preSolution
		Debug|Any CPU = Debug|Any CPU
		Release|Any CPU = Release|Any CPU
	EndGlobalSection
	GlobalSection(ProjectConfigurationPlatforms) = postSolution
		{9AA1A271-9D03-4786-8633-9CCEF7ED480F}.Debug|Any CPU.ActiveCfg = Debug|Any CPU
		{9AA1A271-9D03-4786-8633-9CCEF7ED480F}.Debug|Any CPU.Build.0 = Debug|Any CPU
		{9AA1A271-9D03-4786-8633-9CCEF7ED480F}.Release|Any CPU.ActiveCfg = Release|Any CPU
		{9AA1A271-9D03-4786-8633-9CCEF7ED480F}.Release|Any CPU.Build.0 = Release|Any CPU
	EndGlobalSection
	GlobalSection(SolutionProperties) = preSolution
		HideSolutionNode = FALSE
	EndGlobalSection
	GlobalSection(ExtensibilityGlobals) = postSolution
		SolutionGuid = {12F76530-BD16-4AC3-85CD-2EBC699CFA97}
	EndGlobalSection
EndGlobal
